// !$*UTF8*$!
{
	archiveVersion = 1;
	classes = {
	};
	objectVersion = 77;
	objects = {

/* Begin PBXBuildFile section */
		FA52FAF62E05D72900F2D96F /* README.md in Resources */ = {isa = PBXBuildFile; fileRef = FA52FAF52E05D72200F2D96F /* README.md */; };
/* End PBXBuildFile section */

/* Begin PBXContainerItemProxy section */
		FA7E598A2E007E6800BE8A78 /* PBXContainerItemProxy */ = {
			isa = PBXContainerItemProxy;
			containerPortal = FA7E596B2E007E6500BE8A78 /* Project object */;
			proxyType = 1;
			remoteGlobalIDString = FA7E59722E007E6500BE8A78;
			remoteInfo = NewsFeed;
		};
		FA7E59942E007E6800BE8A78 /* PBXContainerItemProxy */ = {
			isa = PBXContainerItemProxy;
			containerPortal = FA7E596B2E007E6500BE8A78 /* Project object */;
			proxyType = 1;
			remoteGlobalIDString = FA7E59722E007E6500BE8A78;
			remoteInfo = NewsFeed;
		};
/* End PBXContainerItemProxy section */

/* Begin PBXFileReference section */
		FA52FAF52E05D72200F2D96F /* README.md */ = {isa = PBXFileReference; lastKnownFileType = net.daringfireball.markdown; path = README.md; sourceTree = "<group>"; };
		FA7E59732E007E6500BE8A78 /* NewsFeed.app */ = {isa = PBXFileReference; explicitFileType = wrapper.application; includeInIndex = 0; path = NewsFeed.app; sourceTree = BUILT_PRODUCTS_DIR; };
		FA7E59892E007E6800BE8A78 /* NewsFeedTests.xctest */ = {isa = PBXFileReference; explicitFileType = wrapper.cfbundle; includeInIndex = 0; path = NewsFeedTests.xctest; sourceTree = BUILT_PRODUCTS_DIR; };
		FA7E59932E007E6800BE8A78 /* NewsFeedUITests.xctest */ = {isa = PBXFileReference; explicitFileType = wrapper.cfbundle; includeInIndex = 0; path = NewsFeedUITests.xctest; sourceTree = BUILT_PRODUCTS_DIR; };
/* End PBXFileReference section */

/* Begin PBXFileSystemSynchronizedBuildFileExceptionSet section */
		FA52FAEF2E05C11600F2D96F /* Exceptions for "NewsFeed" folder in "NewsFeedTests" target */ = {
			isa = PBXFileSystemSynchronizedBuildFileExceptionSet;
			membershipExceptions = (
				AppCoordinator.swift,
				Common/Constants.swift,
				Common/DataStorage/DataStorageProtocol.swift,
				Common/DataStorage/LocalDataStorage.swift,
				Common/Error.swift,
				Common/ImageManager/ImageManager.swift,
				Common/ImageManager/ImageManagerProtocol.swift,
				Common/Utility.swift,
				NewsFeed/Model/NewsFeedModel.swift,
				NewsFeed/Model/NewsItemModel.swift,
				NewsFeed/NewsFeedCoordinator.swift,
				NewsFeed/View/Cells/NewsFeedItemCell.swift,
				NewsFeed/View/Cells/NewsFeedItemCell.xib,
				NewsFeed/View/Cells/SpinnerCell.xib,
				NewsFeed/View/NewsFeedErrorView.swift,
				NewsFeed/View/NewsFeedErrorView.xib,
				NewsFeed/View/NewsFeedView.swift,
				NewsFeed/View/NewsFeedViewController.swift,
				NewsFeed/ViewModel/NewsFeedViewModel.swift,
				NewsFeed/ViewModel/Repository/NewsFeedRepositoryProtocol.swift,
				NewsFeed/ViewModel/Repository/WebNewsFeedRepository.swift,
			);
			target = FA7E59882E007E6800BE8A78 /* NewsFeedTests */;
		};
		FA7E599B2E007E6800BE8A78 /* Exceptions for "NewsFeed" folder in "NewsFeed" target */ = {
			isa = PBXFileSystemSynchronizedBuildFileExceptionSet;
			membershipExceptions = (
				Info.plist,
			);
			target = FA7E59722E007E6500BE8A78 /* NewsFeed */;
		};
/* End PBXFileSystemSynchronizedBuildFileExceptionSet section */

/* Begin PBXFileSystemSynchronizedRootGroup section */
		FA7E59752E007E6500BE8A78 /* NewsFeed */ = {
			isa = PBXFileSystemSynchronizedRootGroup;
			exceptions = (
				FA7E599B2E007E6800BE8A78 /* Exceptions for "NewsFeed" folder in "NewsFeed" target */,
				FA52FAEF2E05C11600F2D96F /* Exceptions for "NewsFeed" folder in "NewsFeedTests" target */,
			);
			path = NewsFeed;
			sourceTree = "<group>";
		};
		FA7E598C2E007E6800BE8A78 /* NewsFeedTests */ = {
			isa = PBXFileSystemSynchronizedRootGroup;
			path = NewsFeedTests;
			sourceTree = "<group>";
		};
		FA7E59962E007E6800BE8A78 /* NewsFeedUITests */ = {
			isa = PBXFileSystemSynchronizedRootGroup;
			path = NewsFeedUITests;
			sourceTree = "<group>";
		};
/* End PBXFileSystemSynchronizedRootGroup section */

/* Begin PBXFrameworksBuildPhase section */
		FA7E59702E007E6500BE8A78 /* Frameworks */ = {
			isa = PBXFrameworksBuildPhase;
			buildActionMask = 2147483647;
			files = (
			);
			runOnlyForDeploymentPostprocessing = 0;
		};
		FA7E59862E007E6800BE8A78 /* Frameworks */ = {
			isa = PBXFrameworksBuildPhase;
			buildActionMask = 2147483647;
			files = (
			);
			runOnlyForDeploymentPostprocessing = 0;
		};
		FA7E59902E007E6800BE8A78 /* Frameworks */ = {
			isa = PBXFrameworksBuildPhase;
			buildActionMask = 2147483647;
			files = (
			);
			runOnlyForDeploymentPostprocessing = 0;
		};
/* End PBXFrameworksBuildPhase section */

/* Begin PBXGroup section */
		FA7E596A2E007E6500BE8A78 = {
			isa = PBXGroup;
			children = (
				FA52FAF52E05D72200F2D96F /* README.md */,
				FA7E59752E007E6500BE8A78 /* NewsFeed */,
				FA7E598C2E007E6800BE8A78 /* NewsFeedTests */,
				FA7E59962E007E6800BE8A78 /* NewsFeedUITests */,
				FA7E59742E007E6500BE8A78 /* Products */,
			);
			sourceTree = "<group>";
		};
		FA7E59742E007E6500BE8A78 /* Products */ = {
			isa = PBXGroup;
			children = (
				FA7E59732E007E6500BE8A78 /* NewsFeed.app */,
				FA7E59892E007E6800BE8A78 /* NewsFeedTests.xctest */,
				FA7E59932E007E6800BE8A78 /* NewsFeedUITests.xctest */,
			);
			name = Products;
			sourceTree = "<group>";
		};
/* End PBXGroup section */

/* Begin PBXNativeTarget section */
		FA7E59722E007E6500BE8A78 /* NewsFeed */ = {
			isa = PBXNativeTarget;
			buildConfigurationList = FA7E599C2E007E6800BE8A78 /* Build configuration list for PBXNativeTarget "NewsFeed" */;
			buildPhases = (
				FA7E596F2E007E6500BE8A78 /* Sources */,
				FA7E59702E007E6500BE8A78 /* Frameworks */,
				FA7E59712E007E6500BE8A78 /* Resources */,
			);
			buildRules = (
			);
			dependencies = (
			);
			fileSystemSynchronizedGroups = (
				FA7E59752E007E6500BE8A78 /* NewsFeed */,
			);
			name = NewsFeed;
			packageProductDependencies = (
			);
			productName = NewsFeed;
			productReference = FA7E59732E007E6500BE8A78 /* NewsFeed.app */;
			productType = "com.apple.product-type.application";
		};
		FA7E59882E007E6800BE8A78 /* NewsFeedTests */ = {
			isa = PBXNativeTarget;
			buildConfigurationList = FA7E59A12E007E6800BE8A78 /* Build configuration list for PBXNativeTarget "NewsFeedTests" */;
			buildPhases = (
				FA7E59852E007E6800BE8A78 /* Sources */,
				FA7E59862E007E6800BE8A78 /* Frameworks */,
				FA7E59872E007E6800BE8A78 /* Resources */,
			);
			buildRules = (
			);
			dependencies = (
				FA7E598B2E007E6800BE8A78 /* PBXTargetDependency */,
			);
			fileSystemSynchronizedGroups = (
				FA7E598C2E007E6800BE8A78 /* NewsFeedTests */,
			);
			name = NewsFeedTests;
			packageProductDependencies = (
			);
			productName = NewsFeedTests;
			productReference = FA7E59892E007E6800BE8A78 /* NewsFeedTests.xctest */;
			productType = "com.apple.product-type.bundle.unit-test";
		};
		FA7E59922E007E6800BE8A78 /* NewsFeedUITests */ = {
			isa = PBXNativeTarget;
			buildConfigurationList = FA7E59A42E007E6800BE8A78 /* Build configuration list for PBXNativeTarget "NewsFeedUITests" */;
			buildPhases = (
				FA7E598F2E007E6800BE8A78 /* Sources */,
				FA7E59902E007E6800BE8A78 /* Frameworks */,
				FA7E59912E007E6800BE8A78 /* Resources */,
			);
			buildRules = (
			);
			dependencies = (
				FA7E59952E007E6800BE8A78 /* PBXTargetDependency */,
			);
			fileSystemSynchronizedGroups = (
				FA7E59962E007E6800BE8A78 /* NewsFeedUITests */,
			);
			name = NewsFeedUITests;
			packageProductDependencies = (
			);
			productName = NewsFeedUITests;
			productReference = FA7E59932E007E6800BE8A78 /* NewsFeedUITests.xctest */;
			productType = "com.apple.product-type.bundle.ui-testing";
		};
/* End PBXNativeTarget section */

/* Begin PBXProject section */
		FA7E596B2E007E6500BE8A78 /* Project object */ = {
			isa = PBXProject;
			attributes = {
				BuildIndependentTargetsInParallel = 1;
				LastSwiftUpdateCheck = 1640;
				LastUpgradeCheck = 1640;
				TargetAttributes = {
					FA7E59722E007E6500BE8A78 = {
						CreatedOnToolsVersion = 16.4;
					};
					FA7E59882E007E6800BE8A78 = {
						CreatedOnToolsVersion = 16.4;
						TestTargetID = FA7E59722E007E6500BE8A78;
					};
					FA7E59922E007E6800BE8A78 = {
						CreatedOnToolsVersion = 16.4;
						TestTargetID = FA7E59722E007E6500BE8A78;
					};
				};
			};
			buildConfigurationList = FA7E596E2E007E6500BE8A78 /* Build configuration list for PBXProject "NewsFeed" */;
			developmentRegion = en;
			hasScannedForEncodings = 0;
			knownRegions = (
				en,
				Base,
			);
			mainGroup = FA7E596A2E007E6500BE8A78;
			minimizedProjectReferenceProxies = 1;
			preferredProjectObjectVersion = 77;
			productRefGroup = FA7E59742E007E6500BE8A78 /* Products */;
			projectDirPath = "";
			projectRoot = "";
			targets = (
				FA7E59722E007E6500BE8A78 /* NewsFeed */,
				FA7E59882E007E6800BE8A78 /* NewsFeedTests */,
				FA7E59922E007E6800BE8A78 /* NewsFeedUITests */,
			);
		};
/* End PBXProject section */

/* Begin PBXResourcesBuildPhase section */
		FA7E59712E007E6500BE8A78 /* Resources */ = {
			isa = PBXResourcesBuildPhase;
			buildActionMask = 2147483647;
			files = (
				FA52FAF62E05D72900F2D96F /* README.md in Resources */,
			);
			runOnlyForDeploymentPostprocessing = 0;
		};
		FA7E59872E007E6800BE8A78 /* Resources */ = {
			isa = PBXResourcesBuildPhase;
			buildActionMask = 2147483647;
			files = (
			);
			runOnlyForDeploymentPostprocessing = 0;
		};
		FA7E59912E007E6800BE8A78 /* Resources */ = {
			isa = PBXResourcesBuildPhase;
			buildActionMask = 2147483647;
			files = (
			);
			runOnlyForDeploymentPostprocessing = 0;
		};
/* End PBXResourcesBuildPhase section */

/* Begin PBXSourcesBuildPhase section */
		FA7E596F2E007E6500BE8A78 /* Sources */ = {
			isa = PBXSourcesBuildPhase;
			buildActionMask = 2147483647;
			files = (
			);
			runOnlyForDeploymentPostprocessing = 0;
		};
		FA7E59852E007E6800BE8A78 /* Sources */ = {
			isa = PBXSourcesBuildPhase;
			buildActionMask = 2147483647;
			files = (
			);
			runOnlyForDeploymentPostprocessing = 0;
		};
		FA7E598F2E007E6800BE8A78 /* Sources */ = {
			isa = PBXSourcesBuildPhase;
			buildActionMask = 2147483647;
			files = (
			);
			runOnlyForDeploymentPostprocessing = 0;
		};
/* End PBXSourcesBuildPhase section */

/* Begin PBXTargetDependency section */
		FA7E598B2E007E6800BE8A78 /* PBXTargetDependency */ = {
			isa = PBXTargetDependency;
			target = FA7E59722E007E6500BE8A78 /* NewsFeed */;
			targetProxy = FA7E598A2E007E6800BE8A78 /* PBXContainerItemProxy */;
		};
		FA7E59952E007E6800BE8A78 /* PBXTargetDependency */ = {
			isa = PBXTargetDependency;
			target = FA7E59722E007E6500BE8A78 /* NewsFeed */;
			targetProxy = FA7E59942E007E6800BE8A78 /* PBXContainerItemProxy */;
		};
/* End PBXTargetDependency section */

/* Begin XCBuildConfiguration section */
		FA7E599D2E007E6800BE8A78 /* Debug */ = {
			isa = XCBuildConfiguration;
			buildSettings = {
				ASSETCATALOG_COMPILER_APPICON_NAME = AppIcon;
				ASSETCATALOG_COMPILER_GLOBAL_ACCENT_COLOR_NAME = AccentColor;
				CODE_SIGN_STYLE = Automatic;
				CURRENT_PROJECT_VERSION = 1;
				GENERATE_INFOPLIST_FILE = YES;
				INFOPLIST_FILE = NewsFeed/Info.plist;
				INFOPLIST_KEY_UIApplicationSupportsIndirectInputEvents = YES;
				INFOPLIST_KEY_UILaunchStoryboardName = LaunchScreen;
				INFOPLIST_KEY_UISupportedInterfaceOrientations = UIInterfaceOrientationPortrait;
				INFOPLIST_KEY_UISupportedInterfaceOrientations_iPad = "UIInterfaceOrientationLandscapeLeft UIInterfaceOrientationLandscapeRight UIInterfaceOrientationPortrait UIInterfaceOrientationPortraitUpsideDown";
				LD_RUNPATH_SEARCH_PATHS = (
					"$(inherited)",
					"@executable_path/Frameworks",
				);
				MARKETING_VERSION = 1.0;
				PRODUCT_BUNDLE_IDENTIFIER = alexsmn.NewsFeed;
				PRODUCT_NAME = "$(TARGET_NAME)";
				SWIFT_EMIT_LOC_STRINGS = YES;
				SWIFT_VERSION = 5.0;
				TARGETED_DEVICE_FAMILY = "1,2";
			};
			name = Debug;
		};
		FA7E599E2E007E6800BE8A78 /* Release */ = {
			isa = XCBuildConfiguration;
			buildSettings = {
				ASSETCATALOG_COMPILER_APPICON_NAME = AppIcon;
				ASSETCATALOG_COMPILER_GLOBAL_ACCENT_COLOR_NAME = AccentColor;
				CODE_SIGN_STYLE = Automatic;
				CURRENT_PROJECT_VERSION = 1;
				GENERATE_INFOPLIST_FILE = YES;
				INFOPLIST_FILE = NewsFeed/Info.plist;
				INFOPLIST_KEY_UIApplicationSupportsIndirectInputEvents = YES;
				INFOPLIST_KEY_UILaunchStoryboardName = LaunchScreen;
				INFOPLIST_KEY_UISupportedInterfaceOrientations = UIInterfaceOrientationPortrait;
				INFOPLIST_KEY_UISupportedInterfaceOrientations_iPad = "UIInterfaceOrientationLandscapeLeft UIInterfaceOrientationLandscapeRight UIInterfaceOrientationPortrait UIInterfaceOrientationPortraitUpsideDown";
				LD_RUNPATH_SEARCH_PATHS = (
					"$(inherited)",
					"@executable_path/Frameworks",
				);
				MARKETING_VERSION = 1.0;
				PRODUCT_BUNDLE_IDENTIFIER = alexsmn.NewsFeed;
				PRODUCT_NAME = "$(TARGET_NAME)";
				SWIFT_EMIT_LOC_STRINGS = YES;
				SWIFT_VERSION = 5.0;
				TARGETED_DEVICE_FAMILY = "1,2";
			};
			name = Release;
		};
		FA7E599F2E007E6800BE8A78 /* Debug */ = {
			isa = XCBuildConfiguration;
			buildSettings = {
				ALWAYS_SEARCH_USER_PATHS = NO;
				ASSETCATALOG_COMPILER_GENERATE_SWIFT_ASSET_SYMBOL_EXTENSIONS = YES;
				CLANG_ANALYZER_NONNULL = YES;
				CLANG_ANALYZER_NUMBER_OBJECT_CONVERSION = YES_AGGRESSIVE;
				CLANG_CXX_LANGUAGE_STANDARD = "gnu++20";
				CLANG_ENABLE_MODULES = YES;
				CLANG_ENABLE_OBJC_ARC = YES;
				CLANG_ENABLE_OBJC_WEAK = YES;
				CLANG_WARN_BLOCK_CAPTURE_AUTORELEASING = YES;
				CLANG_WARN_BOOL_CONVERSION = YES;
				CLANG_WARN_COMMA = YES;
				CLANG_WARN_CONSTANT_CONVERSION = YES;
				CLANG_WARN_DEPRECATED_OBJC_IMPLEMENTATIONS = YES;
				CLANG_WARN_DIRECT_OBJC_ISA_USAGE = YES_ERROR;
				CLANG_WARN_DOCUMENTATION_COMMENTS = YES;
				CLANG_WARN_EMPTY_BODY = YES;
				CLANG_WARN_ENUM_CONVERSION = YES;
				CLANG_WARN_INFINITE_RECURSION = YES;
				CLANG_WARN_INT_CONVERSION = YES;
				CLANG_WARN_NON_LITERAL_NULL_CONVERSION = YES;
				CLANG_WARN_OBJC_IMPLICIT_RETAIN_SELF = YES;
				CLANG_WARN_OBJC_LITERAL_CONVERSION = YES;
				CLANG_WARN_OBJC_ROOT_CLASS = YES_ERROR;
				CLANG_WARN_QUOTED_INCLUDE_IN_FRAMEWORK_HEADER = YES;
				CLANG_WARN_RANGE_LOOP_ANALYSIS = YES;
				CLANG_WARN_STRICT_PROTOTYPES = YES;
				CLANG_WARN_SUSPICIOUS_MOVE = YES;
				CLANG_WARN_UNGUARDED_AVAILABILITY = YES_AGGRESSIVE;
				CLANG_WARN_UNREACHABLE_CODE = YES;
				CLANG_WARN__DUPLICATE_METHOD_MATCH = YES;
				COPY_PHASE_STRIP = NO;
				DEBUG_INFORMATION_FORMAT = dwarf;
				ENABLE_STRICT_OBJC_MSGSEND = YES;
				ENABLE_TESTABILITY = YES;
				ENABLE_USER_SCRIPT_SANDBOXING = YES;
				GCC_C_LANGUAGE_STANDARD = gnu17;
				GCC_DYNAMIC_NO_PIC = NO;
				GCC_NO_COMMON_BLOCKS = YES;
				GCC_OPTIMIZATION_LEVEL = 0;
				GCC_PREPROCESSOR_DEFINITIONS = (
					"DEBUG=1",
					"$(inherited)",
				);
				GCC_WARN_64_TO_32_BIT_CONVERSION = YES;
				GCC_WARN_ABOUT_RETURN_TYPE = YES_ERROR;
				GCC_WARN_UNDECLARED_SELECTOR = YES;
				GCC_WARN_UNINITIALIZED_AUTOS = YES_AGGRESSIVE;
				GCC_WARN_UNUSED_FUNCTION = YES;
				GCC_WARN_UNUSED_VARIABLE = YES;
				IPHONEOS_DEPLOYMENT_TARGET = 18.5;
				LOCALIZATION_PREFERS_STRING_CATALOGS = YES;
				MTL_ENABLE_DEBUG_INFO = INCLUDE_SOURCE;
				MTL_FAST_MATH = YES;
				ONLY_ACTIVE_ARCH = YES;
				SDKROOT = iphoneos;
				SWIFT_ACTIVE_COMPILATION_CONDITIONS = "DEBUG $(inherited)";
				SWIFT_OPTIMIZATION_LEVEL = "-Onone";
			};
			name = Debug;
		};
		FA7E59A02E007E6800BE8A78 /* Release */ = {
			isa = XCBuildConfiguration;
			buildSettings = {
				ALWAYS_SEARCH_USER_PATHS = NO;
				ASSETCATALOG_COMPILER_GENERATE_SWIFT_ASSET_SYMBOL_EXTENSIONS = YES;
				CLANG_ANALYZER_NONNULL = YES;
				CLANG_ANALYZER_NUMBER_OBJECT_CONVERSION = YES_AGGRESSIVE;
				CLANG_CXX_LANGUAGE_STANDARD = "gnu++20";
				CLANG_ENABLE_MODULES = YES;
				CLANG_ENABLE_OBJC_ARC = YES;
				CLANG_ENABLE_OBJC_WEAK = YES;
				CLANG_WARN_BLOCK_CAPTURE_AUTORELEASING = YES;
				CLANG_WARN_BOOL_CONVERSION = YES;
				CLANG_WARN_COMMA = YES;
				CLANG_WARN_CONSTANT_CONVERSION = YES;
				CLANG_WARN_DEPRECATED_OBJC_IMPLEMENTATIONS = YES;
				CLANG_WARN_DIRECT_OBJC_ISA_USAGE = YES_ERROR;
				CLANG_WARN_DOCUMENTATION_COMMENTS = YES;
				CLANG_WARN_EMPTY_BODY = YES;
				CLANG_WARN_ENUM_CONVERSION = YES;
				CLANG_WARN_INFINITE_RECURSION = YES;
				CLANG_WARN_INT_CONVERSION = YES;
				CLANG_WARN_NON_LITERAL_NULL_CONVERSION = YES;
				CLANG_WARN_OBJC_IMPLICIT_RETAIN_SELF = YES;
				CLANG_WARN_OBJC_LITERAL_CONVERSION = YES;
				CLANG_WARN_OBJC_ROOT_CLASS = YES_ERROR;
				CLANG_WARN_QUOTED_INCLUDE_IN_FRAMEWORK_HEADER = YES;
				CLANG_WARN_RANGE_LOOP_ANALYSIS = YES;
				CLANG_WARN_STRICT_PROTOTYPES = YES;
				CLANG_WARN_SUSPICIOUS_MOVE = YES;
				CLANG_WARN_UNGUARDED_AVAILABILITY = YES_AGGRESSIVE;
				CLANG_WARN_UNREACHABLE_CODE = YES;
				CLANG_WARN__DUPLICATE_METHOD_MATCH = YES;
				COPY_PHASE_STRIP = NO;
				DEBUG_INFORMATION_FORMAT = "dwarf-with-dsym";
				ENABLE_NS_ASSERTIONS = NO;
				ENABLE_STRICT_OBJC_MSGSEND = YES;
				ENABLE_USER_SCRIPT_SANDBOXING = YES;
				GCC_C_LANGUAGE_STANDARD = gnu17;
				GCC_NO_COMMON_BLOCKS = YES;
				GCC_WARN_64_TO_32_BIT_CONVERSION = YES;
				GCC_WARN_ABOUT_RETURN_TYPE = YES_ERROR;
				GCC_WARN_UNDECLARED_SELECTOR = YES;
				GCC_WARN_UNINITIALIZED_AUTOS = YES_AGGRESSIVE;
				GCC_WARN_UNUSED_FUNCTION = YES;
				GCC_WARN_UNUSED_VARIABLE = YES;
				IPHONEOS_DEPLOYMENT_TARGET = 18.5;
				LOCALIZATION_PREFERS_STRING_CATALOGS = YES;
				MTL_ENABLE_DEBUG_INFO = NO;
				MTL_FAST_MATH = YES;
				SDKROOT = iphoneos;
				SWIFT_COMPILATION_MODE = wholemodule;
				VALIDATE_PRODUCT = YES;
			};
			name = Release;
		};
		FA7E59A22E007E6800BE8A78 /* Debug */ = {
			isa = XCBuildConfiguration;
			buildSettings = {
				BUNDLE_LOADER = "$(TEST_HOST)";
				CODE_SIGN_STYLE = Automatic;
				CURRENT_PROJECT_VERSION = 1;
				GENERATE_INFOPLIST_FILE = YES;
				IPHONEOS_DEPLOYMENT_TARGET = 18.5;
				MARKETING_VERSION = 1.0;
				PRODUCT_BUNDLE_IDENTIFIER = alexsmn.NewsFeedTests;
				PRODUCT_NAME = "$(TARGET_NAME)";
				SWIFT_EMIT_LOC_STRINGS = NO;
				SWIFT_VERSION = 5.0;
				TARGETED_DEVICE_FAMILY = "1,2";
				TEST_HOST = "$(BUILT_PRODUCTS_DIR)/NewsFeed.app/$(BUNDLE_EXECUTABLE_FOLDER_PATH)/NewsFeed";
			};
			name = Debug;
		};
		FA7E59A32E007E6800BE8A78 /* Release */ = {
			isa = XCBuildConfiguration;
			buildSettings = {
				BUNDLE_LOADER = "$(TEST_HOST)";
				CODE_SIGN_STYLE = Automatic;
				CURRENT_PROJECT_VERSION = 1;
				GENERATE_INFOPLIST_FILE = YES;
				IPHONEOS_DEPLOYMENT_TARGET = 18.5;
				MARKETING_VERSION = 1.0;
				PRODUCT_BUNDLE_IDENTIFIER = alexsmn.NewsFeedTests;
				PRODUCT_NAME = "$(TARGET_NAME)";
				SWIFT_EMIT_LOC_STRINGS = NO;
				SWIFT_VERSION = 5.0;
				TARGETED_DEVICE_FAMILY = "1,2";
				TEST_HOST = "$(BUILT_PRODUCTS_DIR)/NewsFeed.app/$(BUNDLE_EXECUTABLE_FOLDER_PATH)/NewsFeed";
			};
			name = Release;
		};
		FA7E59A52E007E6800BE8A78 /* Debug */ = {
			isa = XCBuildConfiguration;
			buildSettings = {
				CODE_SIGN_STYLE = Automatic;
				CURRENT_PROJECT_VERSION = 1;
				GENERATE_INFOPLIST_FILE = YES;
				MARKETING_VERSION = 1.0;
				PRODUCT_BUNDLE_IDENTIFIER = alexsmn.NewsFeedUITests;
				PRODUCT_NAME = "$(TARGET_NAME)";
				SWIFT_EMIT_LOC_STRINGS = NO;
				SWIFT_VERSION = 5.0;
				TARGETED_DEVICE_FAMILY = "1,2";
				TEST_TARGET_NAME = NewsFeed;
			};
			name = Debug;
		};
		FA7E59A62E007E6800BE8A78 /* Release */ = {
			isa = XCBuildConfiguration;
			buildSettings = {
				CODE_SIGN_STYLE = Automatic;
				CURRENT_PROJECT_VERSION = 1;
				GENERATE_INFOPLIST_FILE = YES;
				MARKETING_VERSION = 1.0;
				PRODUCT_BUNDLE_IDENTIFIER = alexsmn.NewsFeedUITests;
				PRODUCT_NAME = "$(TARGET_NAME)";
				SWIFT_EMIT_LOC_STRINGS = NO;
				SWIFT_VERSION = 5.0;
				TARGETED_DEVICE_FAMILY = "1,2";
				TEST_TARGET_NAME = NewsFeed;
			};
			name = Release;
		};
/* End XCBuildConfiguration section */

/* Begin XCConfigurationList section */
		FA7E596E2E007E6500BE8A78 /* Build configuration list for PBXProject "NewsFeed" */ = {
			isa = XCConfigurationList;
			buildConfigurations = (
				FA7E599F2E007E6800BE8A78 /* Debug */,
				FA7E59A02E007E6800BE8A78 /* Release */,
			);
			defaultConfigurationIsVisible = 0;
			defaultConfigurationName = Release;
		};
		FA7E599C2E007E6800BE8A78 /* Build configuration list for PBXNativeTarget "NewsFeed" */ = {
			isa = XCConfigurationList;
			buildConfigurations = (
				FA7E599D2E007E6800BE8A78 /* Debug */,
				FA7E599E2E007E6800BE8A78 /* Release */,
			);
			defaultConfigurationIsVisible = 0;
			defaultConfigurationName = Release;
		};
		FA7E59A12E007E6800BE8A78 /* Build configuration list for PBXNativeTarget "NewsFeedTests" */ = {
			isa = XCConfigurationList;
			buildConfigurations = (
				FA7E59A22E007E6800BE8A78 /* Debug */,
				FA7E59A32E007E6800BE8A78 /* Release */,
			);
			defaultConfigurationIsVisible = 0;
			defaultConfigurationName = Release;
		};
		FA7E59A42E007E6800BE8A78 /* Build configuration list for PBXNativeTarget "NewsFeedUITests" */ = {
			isa = XCConfigurationList;
			buildConfigurations = (
				FA7E59A52E007E6800BE8A78 /* Debug */,
				FA7E59A62E007E6800BE8A78 /* Release */,
			);
			defaultConfigurationIsVisible = 0;
			defaultConfigurationName = Release;
		};
/* End XCConfigurationList section */
	};
	rootObject = FA7E596B2E007E6500BE8A78 /* Project object */;
}
